
Microsoft Visual Studio Solution File, Format Version 12.00
# Visual Studio 2012
Project("{FAE04EC0-301F-11D3-BF4B-00C04F79EFBC}") = "controls", "..\controls\controls.csproj", "{4D0858EB-FEC0-489C-B77B-7BBD0FFBC06F}"
EndProject
Project("{FAE04EC0-301F-11D3-BF4B-00C04F79EFBC}") = "web", "..\web\web.csproj", "{A93B5B64-AC88-4DF2-B302-C654A527ECA3}"
EndProject
Global
	GlobalSection(SolutionConfigurationPlatforms) = preSolution
		Debug|Any CPU = Debug|Any CPU
		Release|Any CPU = Release|Any CPU
	EndGlobalSection
	GlobalSection(ProjectConfigurationPlatforms) = postSolution
		{4D0858EB-FEC0-489C-B77B-7BBD0FFBC06F}.Debug|Any CPU.ActiveCfg = Debug|Any CPU
		{4D0858EB-FEC0-489C-B77B-7BBD0FFBC06F}.Debug|Any CPU.Build.0 = Debug|Any CPU
		{4D0858EB-FEC0-489C-B77B-7BBD0FFBC06F}.Release|Any CPU.ActiveCfg = Release|Any CPU
		{4D0858EB-FEC0-489C-B77B-7BBD0FFBC06F}.Release|Any CPU.Build.0 = Release|Any CPU
		{A93B5B64-AC88-4DF2-B302-C654A527ECA3}.Debug|Any CPU.ActiveCfg = Debug|Any CPU
		{A93B5B64-AC88-4DF2-B302-C654A527ECA3}.Debug|Any CPU.Build.0 = Debug|Any CPU
		{A93B5B64-AC88-4DF2-B302-C654A527ECA3}.Release|Any CPU.ActiveCfg = Release|Any CPU
		{A93B5B64-AC88-4DF2-B302-C654A527ECA3}.Release|Any CPU.Build.0 = Release|Any CPU
	EndGlobalSection
EndGlobal
